
Microsoft Visual Studio Solution File, Format Version 12.00
# Visual Studio Version 17
VisualStudioVersion = 17.11.35222.181
MinimumVisualStudioVersion = 10.0.40219.1
Project("{FAE04EC0-301F-11D3-BF4B-00C04F79EFBC}") = "NguyenTheNguyen_KtraFE", "NguyenTheNguyen_KtraFE\NguyenTheNguyen_KtraFE.csproj", "{4721962F-7D66-49A5-A980-243948B269C3}"
EndProject
Global
	GlobalSection(SolutionConfigurationPlatforms) = preSolution
		Debug|Any CPU = Debug|Any CPU
		Release|Any CPU = Release|Any CPU
	EndGlobalSection
	GlobalSection(ProjectConfigurationPlatforms) = postSolution
		{4721962F-7D66-49A5-A980-243948B269C3}.Debug|Any CPU.ActiveCfg = Debug|Any CPU
		{4721962F-7D66-49A5-A980-243948B269C3}.Debug|Any CPU.Build.0 = Debug|Any CPU
		{4721962F-7D66-49A5-A980-243948B269C3}.Release|Any CPU.ActiveCfg = Release|Any CPU
		{4721962F-7D66-49A5-A980-243948B269C3}.Release|Any CPU.Build.0 = Release|Any CPU
	EndGlobalSection
	GlobalSection(SolutionProperties) = preSolution
		HideSolutionNode = FALSE
	EndGlobalSection
	GlobalSection(ExtensibilityGlobals) = postSolution
		SolutionGuid = {C0DFD9D1-ABAA-4A4D-AF5A-CD4A27FDA0D5}
	EndGlobalSection
EndGlobal
